{
  "name": "AssetRepositoryServices",
  "lockfileVersion": 3,
  "requires": true,
  "packages": {
    "": {
      "dependencies": {
        "altair-static": "^7.3.5"
      }
    },
    "node_modules/altair-static": {
      "version": "7.3.5",
      "resolved": "https://registry.npmjs.org/altair-static/-/altair-static-7.3.5.tgz",
      "integrity": "sha512-bQcAWRGk0eWGyArzogKdjPFBI79+0W6eUSo83Fkc74Qfv8V+Yd+ITeSKqWEjostBx80zNw9p7P/Oot+pO8tQxA==",
      "license": "MIT",
      "engines": {
        "node": ">= 6.9.1"
      },
      "funding": {
        "type": "opencollective",
        "url": "https://opencollective.com/altair"
      }
    }
  }
}
